// !$*UTF8*$!
{
	archiveVersion = 1;
	classes = {
	};
	objectVersion = 46;
	objects = {

/* Begin PBXBuildFile section */
		77AD23D5189F92C300045A75 /* UniversalTabBarViewController.m in Sources */ = {isa = PBXBuildFile; fileRef = 77AD23D4189F92C300045A75 /* UniversalTabBarViewController.m */; };
		77AD23D8189FA69E00045A75 /* UniversalDetailViewController.m in Sources */ = {isa = PBXBuildFile; fileRef = 77AD23D7189FA69E00045A75 /* UniversalDetailViewController.m */; };
		840B27D4189E67A700F57776 /* Foundation.framework in Frameworks */ = {isa = PBXBuildFile; fileRef = 840B27D3189E67A700F57776 /* Foundation.framework */; };
		840B27D6189E67A700F57776 /* CoreGraphics.framework in Frameworks */ = {isa = PBXBuildFile; fileRef = 840B27D5189E67A700F57776 /* CoreGraphics.framework */; };
		840B27D8189E67A700F57776 /* UIKit.framework in Frameworks */ = {isa = PBXBuildFile; fileRef = 840B27D7189E67A700F57776 /* UIKit.framework */; };
		840B27DE189E67A700F57776 /* InfoPlist.strings in Resources */ = {isa = PBXBuildFile; fileRef = 840B27DC189E67A700F57776 /* InfoPlist.strings */; };
		840B27E0189E67A700F57776 /* main.m in Sources */ = {isa = PBXBuildFile; fileRef = 840B27DF189E67A700F57776 /* main.m */; };
		840B27E4189E67A700F57776 /* AppDelegate.m in Sources */ = {isa = PBXBuildFile; fileRef = 840B27E3189E67A700F57776 /* AppDelegate.m */; };
		840B27E6189E67A700F57776 /* Images.xcassets in Resources */ = {isa = PBXBuildFile; fileRef = 840B27E5189E67A700F57776 /* Images.xcassets */; };
		840B27ED189E67A700F57776 /* XCTest.framework in Frameworks */ = {isa = PBXBuildFile; fileRef = 840B27EC189E67A700F57776 /* XCTest.framework */; };
		840B27EE189E67A700F57776 /* Foundation.framework in Frameworks */ = {isa = PBXBuildFile; fileRef = 840B27D3189E67A700F57776 /* Foundation.framework */; };
		840B27EF189E67A700F57776 /* UIKit.framework in Frameworks */ = {isa = PBXBuildFile; fileRef = 840B27D7189E67A700F57776 /* UIKit.framework */; };
		840B27F7189E67A700F57776 /* InfoPlist.strings in Resources */ = {isa = PBXBuildFile; fileRef = 840B27F5189E67A700F57776 /* InfoPlist.strings */; };
		840B27F9189E67A700F57776 /* BaseDataAppTests.m in Sources */ = {isa = PBXBuildFile; fileRef = 840B27F8189E67A700F57776 /* BaseDataAppTests.m */; };
		840B280F189E851400F57776 /* DataSourceModel.m in Sources */ = {isa = PBXBuildFile; fileRef = 840B280E189E851400F57776 /* DataSourceModel.m */; };
		840B2814189E861600F57776 /* PickerViewController.m in Sources */ = {isa = PBXBuildFile; fileRef = 840B2811189E861600F57776 /* PickerViewController.m */; };
		840B2815189E861600F57776 /* TableViewController.m in Sources */ = {isa = PBXBuildFile; fileRef = 840B2813189E861600F57776 /* TableViewController.m */; };
/* End PBXBuildFile section */

/* Begin PBXContainerItemProxy section */
		840B27F0189E67A700F57776 /* PBXContainerItemProxy */ = {
			isa = PBXContainerItemProxy;
			containerPortal = 840B27C8189E67A700F57776 /* Project object */;
			proxyType = 1;
			remoteGlobalIDString = 840B27CF189E67A700F57776;
			remoteInfo = BaseDataApp;
		};
/* End PBXContainerItemProxy section */

/* Begin PBXFileReference section */
		77AD23D3189F92C300045A75 /* UniversalTabBarViewController.h */ = {isa = PBXFileReference; fileEncoding = 4; lastKnownFileType = sourcecode.c.h; name = UniversalTabBarViewController.h; path = BaseDataApp/UniversalTabBarViewController.h; sourceTree = "<group>"; };
		77AD23D4189F92C300045A75 /* UniversalTabBarViewController.m */ = {isa = PBXFileReference; fileEncoding = 4; lastKnownFileType = sourcecode.c.objc; name = UniversalTabBarViewController.m; path = BaseDataApp/UniversalTabBarViewController.m; sourceTree = "<group>"; };
		77AD23D6189FA69E00045A75 /* UniversalDetailViewController.h */ = {isa = PBXFileReference; fileEncoding = 4; lastKnownFileType = sourcecode.c.h; path = UniversalDetailViewController.h; sourceTree = "<group>"; };
		77AD23D7189FA69E00045A75 /* UniversalDetailViewController.m */ = {isa = PBXFileReference; fileEncoding = 4; lastKnownFileType = sourcecode.c.objc; path = UniversalDetailViewController.m; sourceTree = "<group>"; };
		840B27D0189E67A700F57776 /* BaseDataApp.app */ = {isa = PBXFileReference; explicitFileType = wrapper.application; includeInIndex = 0; path = BaseDataApp.app; sourceTree = BUILT_PRODUCTS_DIR; };
		840B27D3189E67A700F57776 /* Foundation.framework */ = {isa = PBXFileReference; lastKnownFileType = wrapper.framework; name = Foundation.framework; path = System/Library/Frameworks/Foundation.framework; sourceTree = SDKROOT; };
		840B27D5189E67A700F57776 /* CoreGraphics.framework */ = {isa = PBXFileReference; lastKnownFileType = wrapper.framework; name = CoreGraphics.framework; path = System/Library/Frameworks/CoreGraphics.framework; sourceTree = SDKROOT; };
		840B27D7189E67A700F57776 /* UIKit.framework */ = {isa = PBXFileReference; lastKnownFileType = wrapper.framework; name = UIKit.framework; path = System/Library/Frameworks/UIKit.framework; sourceTree = SDKROOT; };
		840B27DB189E67A700F57776 /* BaseDataApp-Info.plist */ = {isa = PBXFileReference; lastKnownFileType = text.plist.xml; path = "BaseDataApp-Info.plist"; sourceTree = "<group>"; };
		840B27DD189E67A700F57776 /* en */ = {isa = PBXFileReference; lastKnownFileType = text.plist.strings; name = en; path = en.lproj/InfoPlist.strings; sourceTree = "<group>"; };
		840B27DF189E67A700F57776 /* main.m */ = {isa = PBXFileReference; lastKnownFileType = sourcecode.c.objc; path = main.m; sourceTree = "<group>"; };
		840B27E1189E67A700F57776 /* BaseDataApp-Prefix.pch */ = {isa = PBXFileReference; lastKnownFileType = sourcecode.c.h; path = "BaseDataApp-Prefix.pch"; sourceTree = "<group>"; };
		840B27E2189E67A700F57776 /* AppDelegate.h */ = {isa = PBXFileReference; lastKnownFileType = sourcecode.c.h; path = AppDelegate.h; sourceTree = "<group>"; };
		840B27E3189E67A700F57776 /* AppDelegate.m */ = {isa = PBXFileReference; lastKnownFileType = sourcecode.c.objc; path = AppDelegate.m; sourceTree = "<group>"; };
		840B27E5189E67A700F57776 /* Images.xcassets */ = {isa = PBXFileReference; lastKnownFileType = folder.assetcatalog; path = Images.xcassets; sourceTree = "<group>"; };
		840B27EB189E67A700F57776 /* BaseDataAppTests.xctest */ = {isa = PBXFileReference; explicitFileType = wrapper.cfbundle; includeInIndex = 0; path = BaseDataAppTests.xctest; sourceTree = BUILT_PRODUCTS_DIR; };
		840B27EC189E67A700F57776 /* XCTest.framework */ = {isa = PBXFileReference; lastKnownFileType = wrapper.framework; name = XCTest.framework; path = Library/Frameworks/XCTest.framework; sourceTree = DEVELOPER_DIR; };
		840B27F4189E67A700F57776 /* BaseDataAppTests-Info.plist */ = {isa = PBXFileReference; lastKnownFileType = text.plist.xml; path = "BaseDataAppTests-Info.plist"; sourceTree = "<group>"; };
		840B27F6189E67A700F57776 /* en */ = {isa = PBXFileReference; lastKnownFileType = text.plist.strings; name = en; path = en.lproj/InfoPlist.strings; sourceTree = "<group>"; };
		840B27F8189E67A700F57776 /* BaseDataAppTests.m */ = {isa = PBXFileReference; lastKnownFileType = sourcecode.c.objc; path = BaseDataAppTests.m; sourceTree = "<group>"; };
		840B280D189E851400F57776 /* DataSourceModel.h */ = {isa = PBXFileReference; fileEncoding = 4; lastKnownFileType = sourcecode.c.h; path = DataSourceModel.h; sourceTree = "<group>"; };
		840B280E189E851400F57776 /* DataSourceModel.m */ = {isa = PBXFileReference; fileEncoding = 4; lastKnownFileType = sourcecode.c.objc; path = DataSourceModel.m; sourceTree = "<group>"; };
		840B2810189E861600F57776 /* PickerViewController.h */ = {isa = PBXFileReference; fileEncoding = 4; lastKnownFileType = sourcecode.c.h; path = PickerViewController.h; sourceTree = "<group>"; };
		840B2811189E861600F57776 /* PickerViewController.m */ = {isa = PBXFileReference; fileEncoding = 4; lastKnownFileType = sourcecode.c.objc; path = PickerViewController.m; sourceTree = "<group>"; };
		840B2812189E861600F57776 /* TableViewController.h */ = {isa = PBXFileReference; fileEncoding = 4; lastKnownFileType = sourcecode.c.h; path = TableViewController.h; sourceTree = "<group>"; };
		840B2813189E861600F57776 /* TableViewController.m */ = {isa = PBXFileReference; fileEncoding = 4; lastKnownFileType = sourcecode.c.objc; path = TableViewController.m; sourceTree = "<group>"; };
		840B2817189E868E00F57776 /* GraphicsProtocol.h */ = {isa = PBXFileReference; lastKnownFileType = sourcecode.c.h; path = GraphicsProtocol.h; sourceTree = "<group>"; };
/* End PBXFileReference section */

/* Begin PBXFrameworksBuildPhase section */
		840B27CD189E67A700F57776 /* Frameworks */ = {
			isa = PBXFrameworksBuildPhase;
			buildActionMask = 2147483647;
			files = (
				840B27D6189E67A700F57776 /* CoreGraphics.framework in Frameworks */,
				840B27D8189E67A700F57776 /* UIKit.framework in Frameworks */,
				840B27D4189E67A700F57776 /* Foundation.framework in Frameworks */,
			);
			runOnlyForDeploymentPostprocessing = 0;
		};
		840B27E8189E67A700F57776 /* Frameworks */ = {
			isa = PBXFrameworksBuildPhase;
			buildActionMask = 2147483647;
			files = (
				840B27ED189E67A700F57776 /* XCTest.framework in Frameworks */,
				840B27EF189E67A700F57776 /* UIKit.framework in Frameworks */,
				840B27EE189E67A700F57776 /* Foundation.framework in Frameworks */,
			);
			runOnlyForDeploymentPostprocessing = 0;
		};
/* End PBXFrameworksBuildPhase section */

/* Begin PBXGroup section */
		840B27C7189E67A700F57776 = {
			isa = PBXGroup;
			children = (
				840B2816189E868100F57776 /* Protocol */,
				840B280C189E851400F57776 /* Model */,
				840B2808189E693D00F57776 /* ViewController */,
				840B27D9189E67A700F57776 /* BaseDataApp */,
				840B27F2189E67A700F57776 /* BaseDataAppTests */,
				840B27D2189E67A700F57776 /* Frameworks */,
				840B27D1189E67A700F57776 /* Products */,
			);
			sourceTree = "<group>";
		};
		840B27D1189E67A700F57776 /* Products */ = {
			isa = PBXGroup;
			children = (
				840B27D0189E67A700F57776 /* BaseDataApp.app */,
				840B27EB189E67A700F57776 /* BaseDataAppTests.xctest */,
			);
			name = Products;
			sourceTree = "<group>";
		};
		840B27D2189E67A700F57776 /* Frameworks */ = {
			isa = PBXGroup;
			children = (
				840B27D3189E67A700F57776 /* Foundation.framework */,
				840B27D5189E67A700F57776 /* CoreGraphics.framework */,
				840B27D7189E67A700F57776 /* UIKit.framework */,
				840B27EC189E67A700F57776 /* XCTest.framework */,
			);
			name = Frameworks;
			sourceTree = "<group>";
		};
		840B27D9189E67A700F57776 /* BaseDataApp */ = {
			isa = PBXGroup;
			children = (
				840B27E2189E67A700F57776 /* AppDelegate.h */,
				840B27E3189E67A700F57776 /* AppDelegate.m */,
				840B27E5189E67A700F57776 /* Images.xcassets */,
				840B27DA189E67A700F57776 /* Supporting Files */,
			);
			path = BaseDataApp;
			sourceTree = "<group>";
		};
		840B27DA189E67A700F57776 /* Supporting Files */ = {
			isa = PBXGroup;
			children = (
				840B27DB189E67A700F57776 /* BaseDataApp-Info.plist */,
				840B27DC189E67A700F57776 /* InfoPlist.strings */,
				840B27DF189E67A700F57776 /* main.m */,
				840B27E1189E67A700F57776 /* BaseDataApp-Prefix.pch */,
			);
			name = "Supporting Files";
			sourceTree = "<group>";
		};
		840B27F2189E67A700F57776 /* BaseDataAppTests */ = {
			isa = PBXGroup;
			children = (
				840B27F8189E67A700F57776 /* BaseDataAppTests.m */,
				840B27F3189E67A700F57776 /* Supporting Files */,
			);
			path = BaseDataAppTests;
			sourceTree = "<group>";
		};
		840B27F3189E67A700F57776 /* Supporting Files */ = {
			isa = PBXGroup;
			children = (
				840B27F4189E67A700F57776 /* BaseDataAppTests-Info.plist */,
				840B27F5189E67A700F57776 /* InfoPlist.strings */,
			);
			name = "Supporting Files";
			sourceTree = "<group>";
		};
		840B2808189E693D00F57776 /* ViewController */ = {
			isa = PBXGroup;
			children = (
				77AD23D3189F92C300045A75 /* UniversalTabBarViewController.h */,
				77AD23D4189F92C300045A75 /* UniversalTabBarViewController.m */,
				840B2810189E861600F57776 /* PickerViewController.h */,
				840B2811189E861600F57776 /* PickerViewController.m */,
				77AD23D6189FA69E00045A75 /* UniversalDetailViewController.h */,
				77AD23D7189FA69E00045A75 /* UniversalDetailViewController.m */,
				840B2812189E861600F57776 /* TableViewController.h */,
				840B2813189E861600F57776 /* TableViewController.m */,
			);
			name = ViewController;
			sourceTree = "<group>";
		};
		840B280C189E851400F57776 /* Model */ = {
			isa = PBXGroup;
			children = (
				840B280D189E851400F57776 /* DataSourceModel.h */,
				840B280E189E851400F57776 /* DataSourceModel.m */,
			);
			path = Model;
			sourceTree = "<group>";
		};
		840B2816189E868100F57776 /* Protocol */ = {
			isa = PBXGroup;
			children = (
				840B2817189E868E00F57776 /* GraphicsProtocol.h */,
			);
			name = Protocol;
			sourceTree = "<group>";
		};
/* End PBXGroup section */

/* Begin PBXNativeTarget section */
		840B27CF189E67A700F57776 /* BaseDataApp */ = {
			isa = PBXNativeTarget;
			buildConfigurationList = 840B27FC189E67A700F57776 /* Build configuration list for PBXNativeTarget "BaseDataApp" */;
			buildPhases = (
				840B27CC189E67A700F57776 /* Sources */,
				840B27CD189E67A700F57776 /* Frameworks */,
				840B27CE189E67A700F57776 /* Resources */,
			);
			buildRules = (
			);
			dependencies = (
			);
			name = BaseDataApp;
			productName = BaseDataApp;
			productReference = 840B27D0189E67A700F57776 /* BaseDataApp.app */;
			productType = "com.apple.product-type.application";
		};
		840B27EA189E67A700F57776 /* BaseDataAppTests */ = {
			isa = PBXNativeTarget;
			buildConfigurationList = 840B27FF189E67A700F57776 /* Build configuration list for PBXNativeTarget "BaseDataAppTests" */;
			buildPhases = (
				840B27E7189E67A700F57776 /* Sources */,
				840B27E8189E67A700F57776 /* Frameworks */,
				840B27E9189E67A700F57776 /* Resources */,
			);
			buildRules = (
			);
			dependencies = (
				840B27F1189E67A700F57776 /* PBXTargetDependency */,
			);
			name = BaseDataAppTests;
			productName = BaseDataAppTests;
			productReference = 840B27EB189E67A700F57776 /* BaseDataAppTests.xctest */;
			productType = "com.apple.product-type.bundle.unit-test";
		};
/* End PBXNativeTarget section */

/* Begin PBXProject section */
		840B27C8189E67A700F57776 /* Project object */ = {
			isa = PBXProject;
			attributes = {
				LastUpgradeCheck = 0500;
				ORGANIZATIONNAME = Frank;
				TargetAttributes = {
					840B27CF189E67A700F57776 = {
						DevelopmentTeam = R3ZA66RCT2;
					};
					840B27EA189E67A700F57776 = {
						TestTargetID = 840B27CF189E67A700F57776;
					};
				};
			};
			buildConfigurationList = 840B27CB189E67A700F57776 /* Build configuration list for PBXProject "BaseDataApp" */;
			compatibilityVersion = "Xcode 3.2";
			developmentRegion = English;
			hasScannedForEncodings = 0;
			knownRegions = (
				en,
			);
			mainGroup = 840B27C7189E67A700F57776;
			productRefGroup = 840B27D1189E67A700F57776 /* Products */;
			projectDirPath = "";
			projectRoot = "";
			targets = (
				840B27CF189E67A700F57776 /* BaseDataApp */,
				840B27EA189E67A700F57776 /* BaseDataAppTests */,
			);
		};
/* End PBXProject section */

/* Begin PBXResourcesBuildPhase section */
		840B27CE189E67A700F57776 /* Resources */ = {
			isa = PBXResourcesBuildPhase;
			buildActionMask = 2147483647;
			files = (
				840B27DE189E67A700F57776 /* InfoPlist.strings in Resources */,
				840B27E6189E67A700F57776 /* Images.xcassets in Resources */,
			);
			runOnlyForDeploymentPostprocessing = 0;
		};
		840B27E9189E67A700F57776 /* Resources */ = {
			isa = PBXResourcesBuildPhase;
			buildActionMask = 2147483647;
			files = (
				840B27F7189E67A700F57776 /* InfoPlist.strings in Resources */,
			);
			runOnlyForDeploymentPostprocessing = 0;
		};
/* End PBXResourcesBuildPhase section */

/* Begin PBXSourcesBuildPhase section */
		840B27CC189E67A700F57776 /* Sources */ = {
			isa = PBXSourcesBuildPhase;
			buildActionMask = 2147483647;
			files = (
				840B280F189E851400F57776 /* DataSourceModel.m in Sources */,
				77AD23D5189F92C300045A75 /* UniversalTabBarViewController.m in Sources */,
				77AD23D8189FA69E00045A75 /* UniversalDetailViewController.m in Sources */,
				840B2815189E861600F57776 /* TableViewController.m in Sources */,
				840B2814189E861600F57776 /* PickerViewController.m in Sources */,
				840B27E4189E67A700F57776 /* AppDelegate.m in Sources */,
				840B27E0189E67A700F57776 /* main.m in Sources */,
			);
			runOnlyForDeploymentPostprocessing = 0;
		};
		840B27E7189E67A700F57776 /* Sources */ = {
			isa = PBXSourcesBuildPhase;
			buildActionMask = 2147483647;
			files = (
				840B27F9189E67A700F57776 /* BaseDataAppTests.m in Sources */,
			);
			runOnlyForDeploymentPostprocessing = 0;
		};
/* End PBXSourcesBuildPhase section */

/* Begin PBXTargetDependency section */
		840B27F1189E67A700F57776 /* PBXTargetDependency */ = {
			isa = PBXTargetDependency;
			target = 840B27CF189E67A700F57776 /* BaseDataApp */;
			targetProxy = 840B27F0189E67A700F57776 /* PBXContainerItemProxy */;
		};
/* End PBXTargetDependency section */

/* Begin PBXVariantGroup section */
		840B27DC189E67A700F57776 /* InfoPlist.strings */ = {
			isa = PBXVariantGroup;
			children = (
				840B27DD189E67A700F57776 /* en */,
			);
			name = InfoPlist.strings;
			sourceTree = "<group>";
		};
		840B27F5189E67A700F57776 /* InfoPlist.strings */ = {
			isa = PBXVariantGroup;
			children = (
				840B27F6189E67A700F57776 /* en */,
			);
			name = InfoPlist.strings;
			sourceTree = "<group>";
		};
/* End PBXVariantGroup section */

/* Begin XCBuildConfiguration section */
		840B27FA189E67A700F57776 /* Debug */ = {
			isa = XCBuildConfiguration;
			buildSettings = {
				ALWAYS_SEARCH_USER_PATHS = NO;
				ARCHS = "$(ARCHS_STANDARD_INCLUDING_64_BIT)";
				CLANG_CXX_LANGUAGE_STANDARD = "gnu++0x";
				CLANG_CXX_LIBRARY = "libc++";
				CLANG_ENABLE_MODULES = YES;
				CLANG_ENABLE_OBJC_ARC = YES;
				CLANG_WARN_BOOL_CONVERSION = YES;
				CLANG_WARN_CONSTANT_CONVERSION = YES;
				CLANG_WARN_DIRECT_OBJC_ISA_USAGE = YES_ERROR;
				CLANG_WARN_EMPTY_BODY = YES;
				CLANG_WARN_ENUM_CONVERSION = YES;
				CLANG_WARN_INT_CONVERSION = YES;
				CLANG_WARN_OBJC_ROOT_CLASS = YES_ERROR;
				CLANG_WARN__DUPLICATE_METHOD_MATCH = YES;
				"CODE_SIGN_IDENTITY[sdk=iphoneos*]" = "iPhone Developer";
				COPY_PHASE_STRIP = NO;
				GCC_C_LANGUAGE_STANDARD = gnu99;
				GCC_DYNAMIC_NO_PIC = NO;
				GCC_OPTIMIZATION_LEVEL = 0;
				GCC_PREPROCESSOR_DEFINITIONS = (
					"DEBUG=1",
					"$(inherited)",
				);
				GCC_SYMBOLS_PRIVATE_EXTERN = NO;
				GCC_WARN_64_TO_32_BIT_CONVERSION = YES;
				GCC_WARN_ABOUT_RETURN_TYPE = YES_ERROR;
				GCC_WARN_UNDECLARED_SELECTOR = YES;
				GCC_WARN_UNINITIALIZED_AUTOS = YES;
				GCC_WARN_UNUSED_FUNCTION = YES;
				GCC_WARN_UNUSED_VARIABLE = YES;
				IPHONEOS_DEPLOYMENT_TARGET = 7.0;
				ONLY_ACTIVE_ARCH = YES;
				SDKROOT = iphoneos;
			};
			name = Debug;
		};
		840B27FB189E67A700F57776 /* Release */ = {
			isa = XCBuildConfiguration;
			buildSettings = {
				ALWAYS_SEARCH_USER_PATHS = NO;
				ARCHS = "$(ARCHS_STANDARD_INCLUDING_64_BIT)";
				CLANG_CXX_LANGUAGE_STANDARD = "gnu++0x";
				CLANG_CXX_LIBRARY = "libc++";
				CLANG_ENABLE_MODULES = YES;
				CLANG_ENABLE_OBJC_ARC = YES;
				CLANG_WARN_BOOL_CONVERSION = YES;
				CLANG_WARN_CONSTANT_CONVERSION = YES;
				CLANG_WARN_DIRECT_OBJC_ISA_USAGE = YES_ERROR;
				CLANG_WARN_EMPTY_BODY = YES;
				CLANG_WARN_ENUM_CONVERSION = YES;
				CLANG_WARN_INT_CONVERSION = YES;
				CLANG_WARN_OBJC_ROOT_CLASS = YES_ERROR;
				CLANG_WARN__DUPLICATE_METHOD_MATCH = YES;
				"CODE_SIGN_IDENTITY[sdk=iphoneos*]" = "iPhone Developer";
				COPY_PHASE_STRIP = YES;
				ENABLE_NS_ASSERTIONS = NO;
				GCC_C_LANGUAGE_STANDARD = gnu99;
				GCC_WARN_64_TO_32_BIT_CONVERSION = YES;
				GCC_WARN_ABOUT_RETURN_TYPE = YES_ERROR;
				GCC_WARN_UNDECLARED_SELECTOR = YES;
				GCC_WARN_UNINITIALIZED_AUTOS = YES;
				GCC_WARN_UNUSED_FUNCTION = YES;
				GCC_WARN_UNUSED_VARIABLE = YES;
				IPHONEOS_DEPLOYMENT_TARGET = 7.0;
				SDKROOT = iphoneos;
				VALIDATE_PRODUCT = YES;
			};
			name = Release;
		};
		840B27FD189E67A700F57776 /* Debug */ = {
			isa = XCBuildConfiguration;
			buildSettings = {
				ASSETCATALOG_COMPILER_APPICON_NAME = AppIcon;
				ASSETCATALOG_COMPILER_LAUNCHIMAGE_NAME = LaunchImage;
				CODE_SIGN_IDENTITY = "iPhone Developer";
				"CODE_SIGN_IDENTITY[sdk=iphoneos*]" = "iPhone Developer";
				GCC_PRECOMPILE_PREFIX_HEADER = YES;
				GCC_PREFIX_HEADER = "BaseDataApp/BaseDataApp-Prefix.pch";
				INFOPLIST_FILE = "BaseDataApp/BaseDataApp-Info.plist";
				PRODUCT_NAME = "$(TARGET_NAME)";
				PROVISIONING_PROFILE = "";
				WRAPPER_EXTENSION = app;
			};
			name = Debug;
		};
		840B27FE189E67A700F57776 /* Release */ = {
			isa = XCBuildConfiguration;
			buildSettings = {
				ASSETCATALOG_COMPILER_APPICON_NAME = AppIcon;
				ASSETCATALOG_COMPILER_LAUNCHIMAGE_NAME = LaunchImage;
				CODE_SIGN_IDENTITY = "iPhone Developer";
				"CODE_SIGN_IDENTITY[sdk=iphoneos*]" = "iPhone Developer";
				GCC_PRECOMPILE_PREFIX_HEADER = YES;
				GCC_PREFIX_HEADER = "BaseDataApp/BaseDataApp-Prefix.pch";
				INFOPLIST_FILE = "BaseDataApp/BaseDataApp-Info.plist";
				PRODUCT_NAME = "$(TARGET_NAME)";
				PROVISIONING_PROFILE = "";
				WRAPPER_EXTENSION = app;
			};
			name = Release;
		};
		840B2800189E67A700F57776 /* Debug */ = {
			isa = XCBuildConfiguration;
			buildSettings = {
				ARCHS = "$(ARCHS_STANDARD_INCLUDING_64_BIT)";
				BUNDLE_LOADER = "$(BUILT_PRODUCTS_DIR)/BaseDataApp.app/BaseDataApp";
				FRAMEWORK_SEARCH_PATHS = (
					"$(SDKROOT)/Developer/Library/Frameworks",
					"$(inherited)",
					"$(DEVELOPER_FRAMEWORKS_DIR)",
				);
				GCC_PRECOMPILE_PREFIX_HEADER = YES;
				GCC_PREFIX_HEADER = "BaseDataApp/BaseDataApp-Prefix.pch";
				GCC_PREPROCESSOR_DEFINITIONS = (
					"DEBUG=1",
					"$(inherited)",
				);
				INFOPLIST_FILE = "BaseDataAppTests/BaseDataAppTests-Info.plist";
				PRODUCT_NAME = "$(TARGET_NAME)";
				TEST_HOST = "$(BUNDLE_LOADER)";
				WRAPPER_EXTENSION = xctest;
			};
			name = Debug;
		};
		840B2801189E67A700F57776 /* Release */ = {
			isa = XCBuildConfiguration;
			buildSettings = {
				ARCHS = "$(ARCHS_STANDARD_INCLUDING_64_BIT)";
				BUNDLE_LOADER = "$(BUILT_PRODUCTS_DIR)/BaseDataApp.app/BaseDataApp";
				FRAMEWORK_SEARCH_PATHS = (
					"$(SDKROOT)/Developer/Library/Frameworks",
					"$(inherited)",
					"$(DEVELOPER_FRAMEWORKS_DIR)",
				);
				GCC_PRECOMPILE_PREFIX_HEADER = YES;
				GCC_PREFIX_HEADER = "BaseDataApp/BaseDataApp-Prefix.pch";
				INFOPLIST_FILE = "BaseDataAppTests/BaseDataAppTests-Info.plist";
				PRODUCT_NAME = "$(TARGET_NAME)";
				TEST_HOST = "$(BUNDLE_LOADER)";
				WRAPPER_EXTENSION = xctest;
			};
			name = Release;
		};
/* End XCBuildConfiguration section */

/* Begin XCConfigurationList section */
		840B27CB189E67A700F57776 /* Build configuration list for PBXProject "BaseDataApp" */ = {
			isa = XCConfigurationList;
			buildConfigurations = (
				840B27FA189E67A700F57776 /* Debug */,
				840B27FB189E67A700F57776 /* Release */,
			);
			defaultConfigurationIsVisible = 0;
			defaultConfigurationName = Release;
		};
		840B27FC189E67A700F57776 /* Build configuration list for PBXNativeTarget "BaseDataApp" */ = {
			isa = XCConfigurationList;
			buildConfigurations = (
				840B27FD189E67A700F57776 /* Debug */,
				840B27FE189E67A700F57776 /* Release */,
			);
			defaultConfigurationIsVisible = 0;
			defaultConfigurationName = Release;
		};
		840B27FF189E67A700F57776 /* Build configuration list for PBXNativeTarget "BaseDataAppTests" */ = {
			isa = XCConfigurationList;
			buildConfigurations = (
				840B2800189E67A700F57776 /* Debug */,
				840B2801189E67A700F57776 /* Release */,
			);
			defaultConfigurationIsVisible = 0;
			defaultConfigurationName = Release;
		};
/* End XCConfigurationList section */
	};
	rootObject = 840B27C8189E67A700F57776 /* Project object */;
}
